<?xml version="1.0" encoding="UTF-8"?>
<Scheme
   version = "1.3">
   <BuildAction>
      <BuildActionEntries>
         <BuildActionEntry
            buildForRunning = "YES">
            <BuildableReference
               BuildableIdentifier = "primary"
               BlueprintIdentifier = "1938259DF3295B3574A856EF"
               BuildableName = "iOS7Menu.app"
               BlueprintName = "iOS7Menu"
               ReferencedContainer = "container:iOS7Menu.xcodeproj">
            </BuildableReference>
         </BuildActionEntry>
      </BuildActionEntries>
   </BuildAction>
   <LaunchAction
      useCustomWorkingDirectory = "NO"
      buildConfiguration = "Debug">
      <BuildableProductRunnable>
         <BuildableReference
            BuildableIdentifier = "primary"
            BlueprintIdentifier = "1938259DF3295B3574A856EF"
            BuildableName = "iOS7Menu.app"
            BlueprintName = "iOS7Menu"
            ReferencedContainer = "container:iOS7Menu.xcodeproj">
         </BuildableReference>
      </BuildableProductRunnable>
   </LaunchAction>
</Scheme>
